// !$*UTF8*$!
{
	archiveVersion = 1;
	classes = {
	};
	objectVersion = 51;
	objects = {

/* Begin PBXBuildFile section */
		F1B7D4512648318A00D6CC78 /* Icon.swift in Sources */ = {isa = PBXBuildFile; fileRef = F1B7D4502648318A00D6CC78 /* Icon.swift */; };
		F1B7D457264835C400D6CC78 /* LocationInfo.swift in Sources */ = {isa = PBXBuildFile; fileRef = F1B7D456264835C400D6CC78 /* LocationInfo.swift */; };
		F1E51EFC264765D800AE6FC4 /* ClimateChangeApp.swift in Sources */ = {isa = PBXBuildFile; fileRef = F1E51EFB264765D800AE6FC4 /* ClimateChangeApp.swift */; };
		F1E51EFE264765D800AE6FC4 /* ContentView.swift in Sources */ = {isa = PBXBuildFile; fileRef = F1E51EFD264765D800AE6FC4 /* ContentView.swift */; };
		F1E51F00264765DD00AE6FC4 /* Assets.xcassets in Resources */ = {isa = PBXBuildFile; fileRef = F1E51EFF264765DD00AE6FC4 /* Assets.xcassets */; };
		F1E51F03264765DD00AE6FC4 /* Preview Assets.xcassets in Resources */ = {isa = PBXBuildFile; fileRef = F1E51F02264765DD00AE6FC4 /* Preview Assets.xcassets */; };
		F1E51F0B26476E0A00AE6FC4 /* CityStats.swift in Sources */ = {isa = PBXBuildFile; fileRef = F1E51F0A26476E0A00AE6FC4 /* CityStats.swift */; };
		F1E51F0D26476E2800AE6FC4 /* LocationManager.swift in Sources */ = {isa = PBXBuildFile; fileRef = F1E51F0C26476E2800AE6FC4 /* LocationManager.swift */; };
		F1E51F0F26476E4700AE6FC4 /* Maps.swift in Sources */ = {isa = PBXBuildFile; fileRef = F1E51F0E26476E4700AE6FC4 /* Maps.swift */; };
		F1E51F112647840800AE6FC4 /* Resources.swift in Sources */ = {isa = PBXBuildFile; fileRef = F1E51F102647840800AE6FC4 /* Resources.swift */; };
		F1E51F13264785A400AE6FC4 /* EnergyConservation.swift in Sources */ = {isa = PBXBuildFile; fileRef = F1E51F12264785A400AE6FC4 /* EnergyConservation.swift */; };
		F1E51F152647868800AE6FC4 /* WaterUsage.swift in Sources */ = {isa = PBXBuildFile; fileRef = F1E51F142647868800AE6FC4 /* WaterUsage.swift */; };
		F1E51F172647869900AE6FC4 /* Transportation.swift in Sources */ = {isa = PBXBuildFile; fileRef = F1E51F162647869900AE6FC4 /* Transportation.swift */; };
		F1E51F192647870B00AE6FC4 /* Roboto-Bold.ttf in Resources */ = {isa = PBXBuildFile; fileRef = F1E51F182647870B00AE6FC4 /* Roboto-Bold.ttf */; };
		F1E51F1B2647871800AE6FC4 /* Roboto-Regular.ttf in Resources */ = {isa = PBXBuildFile; fileRef = F1E51F1A2647871800AE6FC4 /* Roboto-Regular.ttf */; };
		F1E51F1D2647936000AE6FC4 /* Start.swift in Sources */ = {isa = PBXBuildFile; fileRef = F1E51F1C2647936000AE6FC4 /* Start.swift */; };
		F1E51F1F2647A23800AE6FC4 /* ViewModifiers.swift in Sources */ = {isa = PBXBuildFile; fileRef = F1E51F1E2647A23800AE6FC4 /* ViewModifiers.swift */; };
/* End PBXBuildFile section */

/* Begin PBXFileReference section */
		31789550686C3F6EB679CBAE /* Pods-ClimateChangeApp.release.xcconfig */ = {isa = PBXFileReference; includeInIndex = 1; lastKnownFileType = text.xcconfig; name = "Pods-ClimateChangeApp.release.xcconfig"; path = "Target Support Files/Pods-ClimateChangeApp/Pods-ClimateChangeApp.release.xcconfig"; sourceTree = "<group>"; };
		BE6EF0CB0508D45529FA6324 /* Pods-ClimateChangeApp.debug.xcconfig */ = {isa = PBXFileReference; includeInIndex = 1; lastKnownFileType = text.xcconfig; name = "Pods-ClimateChangeApp.debug.xcconfig"; path = "Target Support Files/Pods-ClimateChangeApp/Pods-ClimateChangeApp.debug.xcconfig"; sourceTree = "<group>"; };
		F1B7D4502648318A00D6CC78 /* Icon.swift */ = {isa = PBXFileReference; lastKnownFileType = sourcecode.swift; path = Icon.swift; sourceTree = "<group>"; };
		F1B7D456264835C400D6CC78 /* LocationInfo.swift */ = {isa = PBXFileReference; lastKnownFileType = sourcecode.swift; path = LocationInfo.swift; sourceTree = "<group>"; };
		F1E51EF8264765D800AE6FC4 /* ClimateChangeApp.app */ = {isa = PBXFileReference; explicitFileType = wrapper.application; includeInIndex = 0; path = ClimateChangeApp.app; sourceTree = BUILT_PRODUCTS_DIR; };
		F1E51EFB264765D800AE6FC4 /* ClimateChangeApp.swift */ = {isa = PBXFileReference; lastKnownFileType = sourcecode.swift; path = ClimateChangeApp.swift; sourceTree = "<group>"; };
		F1E51EFD264765D800AE6FC4 /* ContentView.swift */ = {isa = PBXFileReference; lastKnownFileType = sourcecode.swift; path = ContentView.swift; sourceTree = "<group>"; };
		F1E51EFF264765DD00AE6FC4 /* Assets.xcassets */ = {isa = PBXFileReference; lastKnownFileType = folder.assetcatalog; path = Assets.xcassets; sourceTree = "<group>"; };
		F1E51F02264765DD00AE6FC4 /* Preview Assets.xcassets */ = {isa = PBXFileReference; lastKnownFileType = folder.assetcatalog; path = "Preview Assets.xcassets"; sourceTree = "<group>"; };
		F1E51F04264765DD00AE6FC4 /* Info.plist */ = {isa = PBXFileReference; lastKnownFileType = text.plist.xml; path = Info.plist; sourceTree = "<group>"; };
		F1E51F0A26476E0A00AE6FC4 /* CityStats.swift */ = {isa = PBXFileReference; lastKnownFileType = sourcecode.swift; path = CityStats.swift; sourceTree = "<group>"; };
		F1E51F0C26476E2800AE6FC4 /* LocationManager.swift */ = {isa = PBXFileReference; lastKnownFileType = sourcecode.swift; path = LocationManager.swift; sourceTree = "<group>"; };
		F1E51F0E26476E4700AE6FC4 /* Maps.swift */ = {isa = PBXFileReference; lastKnownFileType = sourcecode.swift; path = Maps.swift; sourceTree = "<group>"; };
		F1E51F102647840800AE6FC4 /* Resources.swift */ = {isa = PBXFileReference; lastKnownFileType = sourcecode.swift; path = Resources.swift; sourceTree = "<group>"; };
		F1E51F12264785A400AE6FC4 /* EnergyConservation.swift */ = {isa = PBXFileReference; lastKnownFileType = sourcecode.swift; path = EnergyConservation.swift; sourceTree = "<group>"; };
		F1E51F142647868800AE6FC4 /* WaterUsage.swift */ = {isa = PBXFileReference; lastKnownFileType = sourcecode.swift; path = WaterUsage.swift; sourceTree = "<group>"; };
		F1E51F162647869900AE6FC4 /* Transportation.swift */ = {isa = PBXFileReference; lastKnownFileType = sourcecode.swift; path = Transportation.swift; sourceTree = "<group>"; };
		F1E51F182647870B00AE6FC4 /* Roboto-Bold.ttf */ = {isa = PBXFileReference; lastKnownFileType = file; path = "Roboto-Bold.ttf"; sourceTree = "<group>"; };
		F1E51F1A2647871800AE6FC4 /* Roboto-Regular.ttf */ = {isa = PBXFileReference; lastKnownFileType = file; path = "Roboto-Regular.ttf"; sourceTree = "<group>"; };
		F1E51F1C2647936000AE6FC4 /* Start.swift */ = {isa = PBXFileReference; lastKnownFileType = sourcecode.swift; path = Start.swift; sourceTree = "<group>"; };
		F1E51F1E2647A23800AE6FC4 /* ViewModifiers.swift */ = {isa = PBXFileReference; lastKnownFileType = sourcecode.swift; path = ViewModifiers.swift; sourceTree = "<group>"; };
/* End PBXFileReference section */

/* Begin PBXFrameworksBuildPhase section */
		F1E51EF5264765D800AE6FC4 /* Frameworks */ = {
			isa = PBXFrameworksBuildPhase;
			buildActionMask = 2147483647;
			files = (
			);
			runOnlyForDeploymentPostprocessing = 0;
		};
/* End PBXFrameworksBuildPhase section */

/* Begin PBXGroup section */
		910242D25565692069E2A580 /* Pods */ = {
			isa = PBXGroup;
			children = (
				BE6EF0CB0508D45529FA6324 /* Pods-ClimateChangeApp.debug.xcconfig */,
				31789550686C3F6EB679CBAE /* Pods-ClimateChangeApp.release.xcconfig */,
			);
			path = Pods;
			sourceTree = "<group>";
		};
		B1C940B3446A84E9BB7B614C /* Frameworks */ = {
			isa = PBXGroup;
			children = (
			);
			name = Frameworks;
			sourceTree = "<group>";
		};
		F1E51EEF264765D800AE6FC4 = {
			isa = PBXGroup;
			children = (
				F1E51EFA264765D800AE6FC4 /* ClimateChangeApp */,
				F1E51EF9264765D800AE6FC4 /* Products */,
				910242D25565692069E2A580 /* Pods */,
				B1C940B3446A84E9BB7B614C /* Frameworks */,
			);
			sourceTree = "<group>";
		};
		F1E51EF9264765D800AE6FC4 /* Products */ = {
			isa = PBXGroup;
			children = (
				F1E51EF8264765D800AE6FC4 /* ClimateChangeApp.app */,
			);
			name = Products;
			sourceTree = "<group>";
		};
		F1E51EFA264765D800AE6FC4 /* ClimateChangeApp */ = {
			isa = PBXGroup;
			children = (
				F1E51EFB264765D800AE6FC4 /* ClimateChangeApp.swift */,
				F1E51EFD264765D800AE6FC4 /* ContentView.swift */,
				F1E51EFF264765DD00AE6FC4 /* Assets.xcassets */,
				F1E51F04264765DD00AE6FC4 /* Info.plist */,
				F1E51F01264765DD00AE6FC4 /* Preview Content */,
				F1E51F0C26476E2800AE6FC4 /* LocationManager.swift */,
				F1E51F0E26476E4700AE6FC4 /* Maps.swift */,
				F1B7D4502648318A00D6CC78 /* Icon.swift */,
				F1E51F102647840800AE6FC4 /* Resources.swift */,
				F1E51F1A2647871800AE6FC4 /* Roboto-Regular.ttf */,
				F1E51F182647870B00AE6FC4 /* Roboto-Bold.ttf */,
				F1E51F0A26476E0A00AE6FC4 /* CityStats.swift */,
				F1E51F12264785A400AE6FC4 /* EnergyConservation.swift */,
				F1E51F142647868800AE6FC4 /* WaterUsage.swift */,
				F1E51F162647869900AE6FC4 /* Transportation.swift */,
				F1E51F1C2647936000AE6FC4 /* Start.swift */,
				F1E51F1E2647A23800AE6FC4 /* ViewModifiers.swift */,
				F1B7D456264835C400D6CC78 /* LocationInfo.swift */,
			);
			path = ClimateChangeApp;
			sourceTree = "<group>";
		};
		F1E51F01264765DD00AE6FC4 /* Preview Content */ = {
			isa = PBXGroup;
			children = (
				F1E51F02264765DD00AE6FC4 /* Preview Assets.xcassets */,
			);
			path = "Preview Content";
			sourceTree = "<group>";
		};
/* End PBXGroup section */

/* Begin PBXNativeTarget section */
		F1E51EF7264765D800AE6FC4 /* ClimateChangeApp */ = {
			isa = PBXNativeTarget;
			buildConfigurationList = F1E51F07264765DD00AE6FC4 /* Build configuration list for PBXNativeTarget "ClimateChangeApp" */;
			buildPhases = (
				09F183850DC60705EDF41D61 /* [CP] Check Pods Manifest.lock */,
				F1E51EF4264765D800AE6FC4 /* Sources */,
				F1E51EF5264765D800AE6FC4 /* Frameworks */,
				F1E51EF6264765D800AE6FC4 /* Resources */,
				F94E1E1BEF59B98E069567E1 /* [CP] Copy Pods Resources */,
			);
			buildRules = (
			);
			dependencies = (
			);
			name = ClimateChangeApp;
			productName = ClimateChangeApp;
			productReference = F1E51EF8264765D800AE6FC4 /* ClimateChangeApp.app */;
			productType = "com.apple.product-type.application";
		};
/* End PBXNativeTarget section */

/* Begin PBXProject section */
		F1E51EF0264765D800AE6FC4 /* Project object */ = {
			isa = PBXProject;
			attributes = {
				LastSwiftUpdateCheck = 1250;
				LastUpgradeCheck = 1250;
				TargetAttributes = {
					F1E51EF7264765D800AE6FC4 = {
						CreatedOnToolsVersion = 12.5;
					};
				};
			};
			buildConfigurationList = F1E51EF3264765D800AE6FC4 /* Build configuration list for PBXProject "ClimateChangeApp" */;
			compatibilityVersion = "Xcode 9.3";
			developmentRegion = en;
			hasScannedForEncodings = 0;
			knownRegions = (
				en,
				Base,
			);
			mainGroup = F1E51EEF264765D800AE6FC4;
			productRefGroup = F1E51EF9264765D800AE6FC4 /* Products */;
			projectDirPath = "";
			projectRoot = "";
			targets = (
				F1E51EF7264765D800AE6FC4 /* ClimateChangeApp */,
			);
		};
/* End PBXProject section */

/* Begin PBXResourcesBuildPhase section */
		F1E51EF6264765D800AE6FC4 /* Resources */ = {
			isa = PBXResourcesBuildPhase;
			buildActionMask = 2147483647;
			files = (
				F1E51F03264765DD00AE6FC4 /* Preview Assets.xcassets in Resources */,
				F1E51F00264765DD00AE6FC4 /* Assets.xcassets in Resources */,
				F1E51F1B2647871800AE6FC4 /* Roboto-Regular.ttf in Resources */,
				F1E51F192647870B00AE6FC4 /* Roboto-Bold.ttf in Resources */,
			);
			runOnlyForDeploymentPostprocessing = 0;
		};
/* End PBXResourcesBuildPhase section */

/* Begin PBXShellScriptBuildPhase section */
		09F183850DC60705EDF41D61 /* [CP] Check Pods Manifest.lock */ = {
			isa = PBXShellScriptBuildPhase;
			buildActionMask = 2147483647;
			files = (
			);
			inputFileListPaths = (
			);
			inputPaths = (
				"${PODS_PODFILE_DIR_PATH}/Podfile.lock",
				"${PODS_ROOT}/Manifest.lock",
			);
			name = "[CP] Check Pods Manifest.lock";
			outputFileListPaths = (
			);
			outputPaths = (
				"$(DERIVED_FILE_DIR)/Pods-ClimateChangeApp-checkManifestLockResult.txt",
			);
			runOnlyForDeploymentPostprocessing = 0;
			shellPath = /bin/sh;
			shellScript = "diff \"${PODS_PODFILE_DIR_PATH}/Podfile.lock\" \"${PODS_ROOT}/Manifest.lock\" > /dev/null\nif [ $? != 0 ] ; then\n    # print error to STDERR\n    echo \"error: The sandbox is not in sync with the Podfile.lock. Run 'pod install' or update your CocoaPods installation.\" >&2\n    exit 1\nfi\n# This output is used by Xcode 'outputs' to avoid re-running this script phase.\necho \"SUCCESS\" > \"${SCRIPT_OUTPUT_FILE_0}\"\n";
			showEnvVarsInLog = 0;
		};
		F94E1E1BEF59B98E069567E1 /* [CP] Copy Pods Resources */ = {
			isa = PBXShellScriptBuildPhase;
			buildActionMask = 2147483647;
			files = (
			);
			inputFileListPaths = (
				"${PODS_ROOT}/Target Support Files/Pods-ClimateChangeApp/Pods-ClimateChangeApp-resources-${CONFIGURATION}-input-files.xcfilelist",
			);
			name = "[CP] Copy Pods Resources";
			outputFileListPaths = (
				"${PODS_ROOT}/Target Support Files/Pods-ClimateChangeApp/Pods-ClimateChangeApp-resources-${CONFIGURATION}-output-files.xcfilelist",
			);
			runOnlyForDeploymentPostprocessing = 0;
			shellPath = /bin/sh;
			shellScript = "\"${PODS_ROOT}/Target Support Files/Pods-ClimateChangeApp/Pods-ClimateChangeApp-resources.sh\"\n";
			showEnvVarsInLog = 0;
		};
/* End PBXShellScriptBuildPhase section */

/* Begin PBXSourcesBuildPhase section */
		F1E51EF4264765D800AE6FC4 /* Sources */ = {
			isa = PBXSourcesBuildPhase;
			buildActionMask = 2147483647;
			files = (
				F1E51F172647869900AE6FC4 /* Transportation.swift in Sources */,
				F1E51F0D26476E2800AE6FC4 /* LocationManager.swift in Sources */,
				F1E51F1D2647936000AE6FC4 /* Start.swift in Sources */,
				F1E51EFE264765D800AE6FC4 /* ContentView.swift in Sources */,
				F1E51EFC264765D800AE6FC4 /* ClimateChangeApp.swift in Sources */,
				F1E51F152647868800AE6FC4 /* WaterUsage.swift in Sources */,
				F1B7D4512648318A00D6CC78 /* Icon.swift in Sources */,
				F1E51F112647840800AE6FC4 /* Resources.swift in Sources */,
				F1E51F13264785A400AE6FC4 /* EnergyConservation.swift in Sources */,
				F1B7D457264835C400D6CC78 /* LocationInfo.swift in Sources */,
				F1E51F0B26476E0A00AE6FC4 /* CityStats.swift in Sources */,
				F1E51F1F2647A23800AE6FC4 /* ViewModifiers.swift in Sources */,
				F1E51F0F26476E4700AE6FC4 /* Maps.swift in Sources */,
			);
			runOnlyForDeploymentPostprocessing = 0;
		};
/* End PBXSourcesBuildPhase section */

/* Begin XCBuildConfiguration section */
		F1E51F05264765DD00AE6FC4 /* Debug */ = {
			isa = XCBuildConfiguration;
			buildSettings = {
				ALWAYS_SEARCH_USER_PATHS = NO;
				CLANG_ANALYZER_NONNULL = YES;
				CLANG_ANALYZER_NUMBER_OBJECT_CONVERSION = YES_AGGRESSIVE;
				CLANG_CXX_LANGUAGE_STANDARD = "gnu++14";
				CLANG_CXX_LIBRARY = "libc++";
				CLANG_ENABLE_MODULES = YES;
				CLANG_ENABLE_OBJC_ARC = YES;
				CLANG_ENABLE_OBJC_WEAK = YES;
				CLANG_WARN_BLOCK_CAPTURE_AUTORELEASING = YES;
				CLANG_WARN_BOOL_CONVERSION = YES;
				CLANG_WARN_COMMA = YES;
				CLANG_WARN_CONSTANT_CONVERSION = YES;
				CLANG_WARN_DEPRECATED_OBJC_IMPLEMENTATIONS = YES;
				CLANG_WARN_DIRECT_OBJC_ISA_USAGE = YES_ERROR;
				CLANG_WARN_DOCUMENTATION_COMMENTS = YES;
				CLANG_WARN_EMPTY_BODY = YES;
				CLANG_WARN_ENUM_CONVERSION = YES;
				CLANG_WARN_INFINITE_RECURSION = YES;
				CLANG_WARN_INT_CONVERSION = YES;
				CLANG_WARN_NON_LITERAL_NULL_CONVERSION = YES;
				CLANG_WARN_OBJC_IMPLICIT_RETAIN_SELF = YES;
				CLANG_WARN_OBJC_LITERAL_CONVERSION = YES;
				CLANG_WARN_OBJC_ROOT_CLASS = YES_ERROR;
				CLANG_WARN_QUOTED_INCLUDE_IN_FRAMEWORK_HEADER = YES;
				CLANG_WARN_RANGE_LOOP_ANALYSIS = YES;
				CLANG_WARN_STRICT_PROTOTYPES = YES;
				CLANG_WARN_SUSPICIOUS_MOVE = YES;
				CLANG_WARN_UNGUARDED_AVAILABILITY = YES_AGGRESSIVE;
				CLANG_WARN_UNREACHABLE_CODE = YES;
				CLANG_WARN__DUPLICATE_METHOD_MATCH = YES;
				COPY_PHASE_STRIP = NO;
				DEBUG_INFORMATION_FORMAT = dwarf;
				ENABLE_STRICT_OBJC_MSGSEND = YES;
				ENABLE_TESTABILITY = YES;
				GCC_C_LANGUAGE_STANDARD = gnu11;
				GCC_DYNAMIC_NO_PIC = NO;
				GCC_NO_COMMON_BLOCKS = YES;
				GCC_OPTIMIZATION_LEVEL = 0;
				GCC_PREPROCESSOR_DEFINITIONS = (
					"DEBUG=1",
					"$(inherited)",
				);
				GCC_WARN_64_TO_32_BIT_CONVERSION = YES;
				GCC_WARN_ABOUT_RETURN_TYPE = YES_ERROR;
				GCC_WARN_UNDECLARED_SELECTOR = YES;
				GCC_WARN_UNINITIALIZED_AUTOS = YES_AGGRESSIVE;
				GCC_WARN_UNUSED_FUNCTION = YES;
				GCC_WARN_UNUSED_VARIABLE = YES;
				IPHONEOS_DEPLOYMENT_TARGET = 14.5;
				MTL_ENABLE_DEBUG_INFO = INCLUDE_SOURCE;
				MTL_FAST_MATH = YES;
				ONLY_ACTIVE_ARCH = YES;
				SDKROOT = iphoneos;
				SWIFT_ACTIVE_COMPILATION_CONDITIONS = DEBUG;
				SWIFT_OPTIMIZATION_LEVEL = "-Onone";
			};
			name = Debug;
		};
		F1E51F06264765DD00AE6FC4 /* Release */ = {
			isa = XCBuildConfiguration;
			buildSettings = {
				ALWAYS_SEARCH_USER_PATHS = NO;
				CLANG_ANALYZER_NONNULL = YES;
				CLANG_ANALYZER_NUMBER_OBJECT_CONVERSION = YES_AGGRESSIVE;
				CLANG_CXX_LANGUAGE_STANDARD = "gnu++14";
				CLANG_CXX_LIBRARY = "libc++";
				CLANG_ENABLE_MODULES = YES;
				CLANG_ENABLE_OBJC_ARC = YES;
				CLANG_ENABLE_OBJC_WEAK = YES;
				CLANG_WARN_BLOCK_CAPTURE_AUTORELEASING = YES;
				CLANG_WARN_BOOL_CONVERSION = YES;
				CLANG_WARN_COMMA = YES;
				CLANG_WARN_CONSTANT_CONVERSION = YES;
				CLANG_WARN_DEPRECATED_OBJC_IMPLEMENTATIONS = YES;
				CLANG_WARN_DIRECT_OBJC_ISA_USAGE = YES_ERROR;
				CLANG_WARN_DOCUMENTATION_COMMENTS = YES;
				CLANG_WARN_EMPTY_BODY = YES;
				CLANG_WARN_ENUM_CONVERSION = YES;
				CLANG_WARN_INFINITE_RECURSION = YES;
				CLANG_WARN_INT_CONVERSION = YES;
				CLANG_WARN_NON_LITERAL_NULL_CONVERSION = YES;
				CLANG_WARN_OBJC_IMPLICIT_RETAIN_SELF = YES;
				CLANG_WARN_OBJC_LITERAL_CONVERSION = YES;
				CLANG_WARN_OBJC_ROOT_CLASS = YES_ERROR;
				CLANG_WARN_QUOTED_INCLUDE_IN_FRAMEWORK_HEADER = YES;
				CLANG_WARN_RANGE_LOOP_ANALYSIS = YES;
				CLANG_WARN_STRICT_PROTOTYPES = YES;
				CLANG_WARN_SUSPICIOUS_MOVE = YES;
				CLANG_WARN_UNGUARDED_AVAILABILITY = YES_AGGRESSIVE;
				CLANG_WARN_UNREACHABLE_CODE = YES;
				CLANG_WARN__DUPLICATE_METHOD_MATCH = YES;
				COPY_PHASE_STRIP = NO;
				DEBUG_INFORMATION_FORMAT = "dwarf-with-dsym";
				ENABLE_NS_ASSERTIONS = NO;
				ENABLE_STRICT_OBJC_MSGSEND = YES;
				GCC_C_LANGUAGE_STANDARD = gnu11;
				GCC_NO_COMMON_BLOCKS = YES;
				GCC_WARN_64_TO_32_BIT_CONVERSION = YES;
				GCC_WARN_ABOUT_RETURN_TYPE = YES_ERROR;
				GCC_WARN_UNDECLARED_SELECTOR = YES;
				GCC_WARN_UNINITIALIZED_AUTOS = YES_AGGRESSIVE;
				GCC_WARN_UNUSED_FUNCTION = YES;
				GCC_WARN_UNUSED_VARIABLE = YES;
				IPHONEOS_DEPLOYMENT_TARGET = 14.5;
				MTL_ENABLE_DEBUG_INFO = NO;
				MTL_FAST_MATH = YES;
				SDKROOT = iphoneos;
				SWIFT_COMPILATION_MODE = wholemodule;
				SWIFT_OPTIMIZATION_LEVEL = "-O";
				VALIDATE_PRODUCT = YES;
			};
			name = Release;
		};
		F1E51F08264765DD00AE6FC4 /* Debug */ = {
			isa = XCBuildConfiguration;
			baseConfigurationReference = BE6EF0CB0508D45529FA6324 /* Pods-ClimateChangeApp.debug.xcconfig */;
			buildSettings = {
				ASSETCATALOG_COMPILER_APPICON_NAME = AppIcon;
				ASSETCATALOG_COMPILER_GLOBAL_ACCENT_COLOR_NAME = AccentColor;
				CODE_SIGN_STYLE = Automatic;
				DEVELOPMENT_ASSET_PATHS = "\"ClimateChangeApp/Preview Content\"";
				ENABLE_PREVIEWS = YES;
				INFOPLIST_FILE = ClimateChangeApp/Info.plist;
				IPHONEOS_DEPLOYMENT_TARGET = 14.0;
				LD_RUNPATH_SEARCH_PATHS = (
					"$(inherited)",
					"@executable_path/Frameworks",
				);
				PRODUCT_BUNDLE_IDENTIFIER = com.ParulVeda.ClimateChangeApp;
				PRODUCT_NAME = "$(TARGET_NAME)";
				SWIFT_VERSION = 5.0;
				TARGETED_DEVICE_FAMILY = "1,2";
			};
			name = Debug;
		};
		F1E51F09264765DD00AE6FC4 /* Release */ = {
			isa = XCBuildConfiguration;
			baseConfigurationReference = 31789550686C3F6EB679CBAE /* Pods-ClimateChangeApp.release.xcconfig */;
			buildSettings = {
				ASSETCATALOG_COMPILER_APPICON_NAME = AppIcon;
				ASSETCATALOG_COMPILER_GLOBAL_ACCENT_COLOR_NAME = AccentColor;
				CODE_SIGN_STYLE = Automatic;
				DEVELOPMENT_ASSET_PATHS = "\"ClimateChangeApp/Preview Content\"";
				ENABLE_PREVIEWS = YES;
				INFOPLIST_FILE = ClimateChangeApp/Info.plist;
				IPHONEOS_DEPLOYMENT_TARGET = 14.0;
				LD_RUNPATH_SEARCH_PATHS = (
					"$(inherited)",
					"@executable_path/Frameworks",
				);
				PRODUCT_BUNDLE_IDENTIFIER = com.ParulVeda.ClimateChangeApp;
				PRODUCT_NAME = "$(TARGET_NAME)";
				SWIFT_VERSION = 5.0;
				TARGETED_DEVICE_FAMILY = "1,2";
			};
			name = Release;
		};
/* End XCBuildConfiguration section */

/* Begin XCConfigurationList section */
		F1E51EF3264765D800AE6FC4 /* Build configuration list for PBXProject "ClimateChangeApp" */ = {
			isa = XCConfigurationList;
			buildConfigurations = (
				F1E51F05264765DD00AE6FC4 /* Debug */,
				F1E51F06264765DD00AE6FC4 /* Release */,
			);
			defaultConfigurationIsVisible = 0;
			defaultConfigurationName = Release;
		};
		F1E51F07264765DD00AE6FC4 /* Build configuration list for PBXNativeTarget "ClimateChangeApp" */ = {
			isa = XCConfigurationList;
			buildConfigurations = (
				F1E51F08264765DD00AE6FC4 /* Debug */,
				F1E51F09264765DD00AE6FC4 /* Release */,
			);
			defaultConfigurationIsVisible = 0;
			defaultConfigurationName = Release;
		};
/* End XCConfigurationList section */
	};
	rootObject = F1E51EF0264765D800AE6FC4 /* Project object */;
}
